
Microsoft Visual Studio Solution File, Format Version 12.00
# Visual Studio Version 17
VisualStudioVersion = 17.2.32602.215
MinimumVisualStudioVersion = 10.0.40219.1
Project("{FAE04EC0-301F-11D3-BF4B-00C04F79EFBC}") = "WebAPI", "WebAPI\WebAPI.csproj", "{4FE1D4EA-9AA5-49D6-810F-0CDAB3F36659}"
EndProject
Global
	GlobalSection(SolutionConfigurationPlatforms) = preSolution
		Debug|Any CPU = Debug|Any CPU
		Release|Any CPU = Release|Any CPU
	EndGlobalSection
	GlobalSection(ProjectConfigurationPlatforms) = postSolution
		{4FE1D4EA-9AA5-49D6-810F-0CDAB3F36659}.Debug|Any CPU.ActiveCfg = Debug|Any CPU
		{4FE1D4EA-9AA5-49D6-810F-0CDAB3F36659}.Debug|Any CPU.Build.0 = Debug|Any CPU
		{4FE1D4EA-9AA5-49D6-810F-0CDAB3F36659}.Release|Any CPU.ActiveCfg = Release|Any CPU
		{4FE1D4EA-9AA5-49D6-810F-0CDAB3F36659}.Release|Any CPU.Build.0 = Release|Any CPU
	EndGlobalSection
	GlobalSection(SolutionProperties) = preSolution
		HideSolutionNode = FALSE
	EndGlobalSection
	GlobalSection(ExtensibilityGlobals) = postSolution
		SolutionGuid = {B01AC141-9124-42BD-A883-0EB93545E0D2}
	EndGlobalSection
EndGlobal
